
Microsoft Visual Studio Solution File, Format Version 12.00
# Visual Studio Version 17
VisualStudioVersion = 17.4.33122.133
MinimumVisualStudioVersion = 10.0.40219.1
Project("{FAE04EC0-301F-11D3-BF4B-00C04F79EFBC}") = "School", "School\School.csproj", "{BFB336C0-CD27-4288-98E3-D8640679866A}"
EndProject
Global
	GlobalSection(SolutionConfigurationPlatforms) = preSolution
		Debug|Any CPU = Debug|Any CPU
		Release|Any CPU = Release|Any CPU
	EndGlobalSection
	GlobalSection(ProjectConfigurationPlatforms) = postSolution
		{BFB336C0-CD27-4288-98E3-D8640679866A}.Debug|Any CPU.ActiveCfg = Debug|Any CPU
		{BFB336C0-CD27-4288-98E3-D8640679866A}.Debug|Any CPU.Build.0 = Debug|Any CPU
		{BFB336C0-CD27-4288-98E3-D8640679866A}.Release|Any CPU.ActiveCfg = Release|Any CPU
		{BFB336C0-CD27-4288-98E3-D8640679866A}.Release|Any CPU.Build.0 = Release|Any CPU
	EndGlobalSection
	GlobalSection(SolutionProperties) = preSolution
		HideSolutionNode = FALSE
	EndGlobalSection
	GlobalSection(ExtensibilityGlobals) = postSolution
		SolutionGuid = {D70C7A2C-F022-4C0A-8B62-848A9B492574}
	EndGlobalSection
EndGlobal
